
Microsoft Visual Studio Solution File, Format Version 12.00
# Visual Studio Version 16
VisualStudioVersion = 16.0.30621.155
MinimumVisualStudioVersion = 10.0.40219.1
Project("{FAE04EC0-301F-11D3-BF4B-00C04F79EFBC}") = "WindowsFormsApp17", "WindowsFormsApp17\WindowsFormsApp17.csproj", "{F8B46D9E-32A3-42CE-A78D-D7BB7BF33838}"
EndProject
Global
	GlobalSection(SolutionConfigurationPlatforms) = preSolution
		Debug|Any CPU = Debug|Any CPU
		Release|Any CPU = Release|Any CPU
	EndGlobalSection
	GlobalSection(ProjectConfigurationPlatforms) = postSolution
		{F8B46D9E-32A3-42CE-A78D-D7BB7BF33838}.Debug|Any CPU.ActiveCfg = Debug|Any CPU
		{F8B46D9E-32A3-42CE-A78D-D7BB7BF33838}.Debug|Any CPU.Build.0 = Debug|Any CPU
		{F8B46D9E-32A3-42CE-A78D-D7BB7BF33838}.Release|Any CPU.ActiveCfg = Release|Any CPU
		{F8B46D9E-32A3-42CE-A78D-D7BB7BF33838}.Release|Any CPU.Build.0 = Release|Any CPU
	EndGlobalSection
	GlobalSection(SolutionProperties) = preSolution
		HideSolutionNode = FALSE
	EndGlobalSection
	GlobalSection(ExtensibilityGlobals) = postSolution
		SolutionGuid = {4264BB9C-223B-4D59-96BD-79A6FD578DAB}
	EndGlobalSection
EndGlobal
